
Microsoft Visual Studio Solution File, Format Version 12.00
# Visual Studio Version 17
VisualStudioVersion = 17.7.34031.279
MinimumVisualStudioVersion = 10.0.40219.1
Project("{FAE04EC0-301F-11D3-BF4B-00C04F79EFBC}") = "HesapMakinesi", "HesapMakinesi\HesapMakinesi.csproj", "{688004B1-1497-41B1-B69A-AC1610C43A87}"
EndProject
Global
	GlobalSection(SolutionConfigurationPlatforms) = preSolution
		Debug|Any CPU = Debug|Any CPU
		Release|Any CPU = Release|Any CPU
	EndGlobalSection
	GlobalSection(ProjectConfigurationPlatforms) = postSolution
		{688004B1-1497-41B1-B69A-AC1610C43A87}.Debug|Any CPU.ActiveCfg = Debug|Any CPU
		{688004B1-1497-41B1-B69A-AC1610C43A87}.Debug|Any CPU.Build.0 = Debug|Any CPU
		{688004B1-1497-41B1-B69A-AC1610C43A87}.Release|Any CPU.ActiveCfg = Release|Any CPU
		{688004B1-1497-41B1-B69A-AC1610C43A87}.Release|Any CPU.Build.0 = Release|Any CPU
	EndGlobalSection
	GlobalSection(SolutionProperties) = preSolution
		HideSolutionNode = FALSE
	EndGlobalSection
	GlobalSection(ExtensibilityGlobals) = postSolution
		SolutionGuid = {0E91960A-3B8A-4032-989C-538FCB7B3111}
	EndGlobalSection
EndGlobal
